
Microsoft Visual Studio Solution File, Format Version 12.00
# Visual Studio Version 17
VisualStudioVersion = 17.12.35527.113
MinimumVisualStudioVersion = 10.0.40219.1
Project("{FAE04EC0-301F-11D3-BF4B-00C04F79EFBC}") = "OpenEventStream", "OpenEventStream\OpenEventStream.csproj", "{73A12A2E-CAE0-405C-99CE-BCC1D2B390B4}"
EndProject
Project("{FAE04EC0-301F-11D3-BF4B-00C04F79EFBC}") = "OpenEventStream.Tests", "OpenEventStream.Tests\OpenEventStream.Tests.csproj", "{AD24ADB7-26A3-4247-AB38-4574B10BA920}"
EndProject
Global
	GlobalSection(SolutionConfigurationPlatforms) = preSolution
		Debug|Any CPU = Debug|Any CPU
		Debug|x64 = Debug|x64
		Debug|x86 = Debug|x86
		Release|Any CPU = Release|Any CPU
		Release|x64 = Release|x64
		Release|x86 = Release|x86
	EndGlobalSection
	GlobalSection(ProjectConfigurationPlatforms) = postSolution
		{73A12A2E-CAE0-405C-99CE-BCC1D2B390B4}.Debug|Any CPU.ActiveCfg = Debug|Any CPU
		{73A12A2E-CAE0-405C-99CE-BCC1D2B390B4}.Debug|Any CPU.Build.0 = Debug|Any CPU
		{73A12A2E-CAE0-405C-99CE-BCC1D2B390B4}.Debug|x64.ActiveCfg = Debug|Any CPU
		{73A12A2E-CAE0-405C-99CE-BCC1D2B390B4}.Debug|x64.Build.0 = Debug|Any CPU
		{73A12A2E-CAE0-405C-99CE-BCC1D2B390B4}.Debug|x86.ActiveCfg = Debug|Any CPU
		{73A12A2E-CAE0-405C-99CE-BCC1D2B390B4}.Debug|x86.Build.0 = Debug|Any CPU
		{73A12A2E-CAE0-405C-99CE-BCC1D2B390B4}.Release|Any CPU.ActiveCfg = Release|Any CPU
		{73A12A2E-CAE0-405C-99CE-BCC1D2B390B4}.Release|Any CPU.Build.0 = Release|Any CPU
		{73A12A2E-CAE0-405C-99CE-BCC1D2B390B4}.Release|x64.ActiveCfg = Release|Any CPU
		{73A12A2E-CAE0-405C-99CE-BCC1D2B390B4}.Release|x64.Build.0 = Release|Any CPU
		{73A12A2E-CAE0-405C-99CE-BCC1D2B390B4}.Release|x86.ActiveCfg = Release|Any CPU
		{73A12A2E-CAE0-405C-99CE-BCC1D2B390B4}.Release|x86.Build.0 = Release|Any CPU
		{AD24ADB7-26A3-4247-AB38-4574B10BA920}.Debug|Any CPU.ActiveCfg = Debug|Any CPU
		{AD24ADB7-26A3-4247-AB38-4574B10BA920}.Debug|Any CPU.Build.0 = Debug|Any CPU
		{AD24ADB7-26A3-4247-AB38-4574B10BA920}.Debug|x64.ActiveCfg = Debug|Any CPU
		{AD24ADB7-26A3-4247-AB38-4574B10BA920}.Debug|x64.Build.0 = Debug|Any CPU
		{AD24ADB7-26A3-4247-AB38-4574B10BA920}.Debug|x86.ActiveCfg = Debug|Any CPU
		{AD24ADB7-26A3-4247-AB38-4574B10BA920}.Debug|x86.Build.0 = Debug|Any CPU
		{AD24ADB7-26A3-4247-AB38-4574B10BA920}.Release|Any CPU.ActiveCfg = Release|Any CPU
		{AD24ADB7-26A3-4247-AB38-4574B10BA920}.Release|Any CPU.Build.0 = Release|Any CPU
		{AD24ADB7-26A3-4247-AB38-4574B10BA920}.Release|x64.ActiveCfg = Release|Any CPU
		{AD24ADB7-26A3-4247-AB38-4574B10BA920}.Release|x64.Build.0 = Release|Any CPU
		{AD24ADB7-26A3-4247-AB38-4574B10BA920}.Release|x86.ActiveCfg = Release|Any CPU
		{AD24ADB7-26A3-4247-AB38-4574B10BA920}.Release|x86.Build.0 = Release|Any CPU
	EndGlobalSection
	GlobalSection(SolutionProperties) = preSolution
		HideSolutionNode = FALSE
	EndGlobalSection
EndGlobal
